
Microsoft Visual Studio Solution File, Format Version 12.00
# Visual Studio Version 17
VisualStudioVersion = 17.3.32819.101
MinimumVisualStudioVersion = 10.0.40219.1
Project("{FAE04EC0-301F-11D3-BF4B-00C04F79EFBC}") = "eTickets", "eTickets\eTickets.csproj", "{CC430F9A-E6EE-419B-9596-19B24223DAD9}"
EndProject
Global
	GlobalSection(SolutionConfigurationPlatforms) = preSolution
		Debug|Any CPU = Debug|Any CPU
		Release|Any CPU = Release|Any CPU
	EndGlobalSection
	GlobalSection(ProjectConfigurationPlatforms) = postSolution
		{CC430F9A-E6EE-419B-9596-19B24223DAD9}.Debug|Any CPU.ActiveCfg = Debug|Any CPU
		{CC430F9A-E6EE-419B-9596-19B24223DAD9}.Debug|Any CPU.Build.0 = Debug|Any CPU
		{CC430F9A-E6EE-419B-9596-19B24223DAD9}.Release|Any CPU.ActiveCfg = Release|Any CPU
		{CC430F9A-E6EE-419B-9596-19B24223DAD9}.Release|Any CPU.Build.0 = Release|Any CPU
	EndGlobalSection
	GlobalSection(SolutionProperties) = preSolution
		HideSolutionNode = FALSE
	EndGlobalSection
	GlobalSection(ExtensibilityGlobals) = postSolution
		SolutionGuid = {8443ADA7-7847-4871-B7BF-C9C03F91AA51}
	EndGlobalSection
EndGlobal
